
Microsoft Visual Studio Solution File, Format Version 12.00
# Visual Studio Version 17
VisualStudioVersion = 17.2.32526.322
MinimumVisualStudioVersion = 10.0.40219.1
Project("{FAE04EC0-301F-11D3-BF4B-00C04F79EFBC}") = "Recipe", "Recipe\Recipe.csproj", "{D1D8C6F5-A55B-4655-9227-BD735B68F952}"
EndProject
Project("{FAE04EC0-301F-11D3-BF4B-00C04F79EFBC}") = "Business", "Business\Business.csproj", "{14566876-FE32-4535-A446-13586E77C2D3}"
EndProject
Project("{FAE04EC0-301F-11D3-BF4B-00C04F79EFBC}") = "Persistence", "Persistence\Persistence.csproj", "{CA8BF9C5-B87B-484A-8BBC-04007D571A78}"
EndProject
Global
	GlobalSection(SolutionConfigurationPlatforms) = preSolution
		Debug|Any CPU = Debug|Any CPU
		Release|Any CPU = Release|Any CPU
	EndGlobalSection
	GlobalSection(ProjectConfigurationPlatforms) = postSolution
		{D1D8C6F5-A55B-4655-9227-BD735B68F952}.Debug|Any CPU.ActiveCfg = Debug|Any CPU
		{D1D8C6F5-A55B-4655-9227-BD735B68F952}.Debug|Any CPU.Build.0 = Debug|Any CPU
		{D1D8C6F5-A55B-4655-9227-BD735B68F952}.Release|Any CPU.ActiveCfg = Release|Any CPU
		{D1D8C6F5-A55B-4655-9227-BD735B68F952}.Release|Any CPU.Build.0 = Release|Any CPU
		{14566876-FE32-4535-A446-13586E77C2D3}.Debug|Any CPU.ActiveCfg = Debug|Any CPU
		{14566876-FE32-4535-A446-13586E77C2D3}.Debug|Any CPU.Build.0 = Debug|Any CPU
		{14566876-FE32-4535-A446-13586E77C2D3}.Release|Any CPU.ActiveCfg = Release|Any CPU
		{14566876-FE32-4535-A446-13586E77C2D3}.Release|Any CPU.Build.0 = Release|Any CPU
		{CA8BF9C5-B87B-484A-8BBC-04007D571A78}.Debug|Any CPU.ActiveCfg = Debug|Any CPU
		{CA8BF9C5-B87B-484A-8BBC-04007D571A78}.Debug|Any CPU.Build.0 = Debug|Any CPU
		{CA8BF9C5-B87B-484A-8BBC-04007D571A78}.Release|Any CPU.ActiveCfg = Release|Any CPU
		{CA8BF9C5-B87B-484A-8BBC-04007D571A78}.Release|Any CPU.Build.0 = Release|Any CPU
	EndGlobalSection
	GlobalSection(SolutionProperties) = preSolution
		HideSolutionNode = FALSE
	EndGlobalSection
	GlobalSection(ExtensibilityGlobals) = postSolution
		SolutionGuid = {26048500-40EB-4286-90B8-3B899690C128}
	EndGlobalSection
EndGlobal
